
Microsoft Visual Studio Solution File, Format Version 12.00
# Visual Studio 2013
VisualStudioVersion = 12.0.21005.1
MinimumVisualStudioVersion = 10.0.40219.1
Project("{2150E333-8FDC-42A3-9474-1A3956D46DE8}") = "WebService", "WebService", "{EAAD4164-141B-4484-B4D2-F0A6DCFA2CE2}"
EndProject
Project("{2150E333-8FDC-42A3-9474-1A3956D46DE8}") = "Admin", "Admin", "{09CA98A5-33D9-41F4-8A21-CC2CCDA0E905}"
EndProject
Project("{2150E333-8FDC-42A3-9474-1A3956D46DE8}") = "App", "App", "{13DDA1AD-4CD0-42BB-889F-781F00C8318A}"
EndProject
Project("{FAE04EC0-301F-11D3-BF4B-00C04F79EFBC}") = "WsAppNews", "WsAppNews\WsAppNews.csproj", "{1435B537-1697-4F01-9CE5-D096F7492247}"
EndProject
Project("{FAE04EC0-301F-11D3-BF4B-00C04F79EFBC}") = "AdminAppNews", "AdminAppNews\AdminAppNews.csproj", "{76313590-D26E-49E6-85CB-D1284B6B6D2A}"
EndProject
Project("{2150E333-8FDC-42A3-9474-1A3956D46DE8}") = "IOS", "IOS", "{F883093B-80BE-46E2-92E8-0A3727CED117}"
EndProject
Project("{2150E333-8FDC-42A3-9474-1A3956D46DE8}") = "Android", "Android", "{1B30F588-6F4D-40EB-946A-F75055EED30E}"
EndProject
Project("{2150E333-8FDC-42A3-9474-1A3956D46DE8}") = "Model", "Model", "{1157ED91-4697-43A9-BD37-BF7C72518693}"
EndProject
Project("{FAE04EC0-301F-11D3-BF4B-00C04F79EFBC}") = "ModelsAppNews", "ModelsAppNews\ModelsAppNews.csproj", "{83FE8630-7D5D-491F-8C34-74A74C4FEB2A}"
EndProject
Project("{FAE04EC0-301F-11D3-BF4B-00C04F79EFBC}") = "AndroidAppNews", "AndroidAppNews\AndroidAppNews.csproj", "{2DD0ED03-9824-4D6B-A204-F624AF168269}"
EndProject
Project("{FAE04EC0-301F-11D3-BF4B-00C04F79EFBC}") = "WebViewAppNews", "WebViewAppNews\WebViewAppNews.csproj", "{385CED30-9C92-4AD5-A2CE-4FA1D52CAC04}"
EndProject
Project("{2150E333-8FDC-42A3-9474-1A3956D46DE8}") = "WebSite", "WebSite", "{41C485AD-027C-4BD9-83A3-10974FA092A0}"
EndProject
Project("{FAE04EC0-301F-11D3-BF4B-00C04F79EFBC}") = "WebSiteAppNews", "WebSiteAppNews\WebSiteAppNews.csproj", "{D76A81E4-8F70-4617-A495-D9807B01B253}"
EndProject
Global
	GlobalSection(SolutionConfigurationPlatforms) = preSolution
		Debug|Any CPU = Debug|Any CPU
		Release|Any CPU = Release|Any CPU
	EndGlobalSection
	GlobalSection(ProjectConfigurationPlatforms) = postSolution
		{1435B537-1697-4F01-9CE5-D096F7492247}.Debug|Any CPU.ActiveCfg = Debug|Any CPU
		{1435B537-1697-4F01-9CE5-D096F7492247}.Debug|Any CPU.Build.0 = Debug|Any CPU
		{1435B537-1697-4F01-9CE5-D096F7492247}.Release|Any CPU.ActiveCfg = Release|Any CPU
		{1435B537-1697-4F01-9CE5-D096F7492247}.Release|Any CPU.Build.0 = Release|Any CPU
		{1435B537-1697-4F01-9CE5-D096F7492247}.Release|Any CPU.Deploy.0 = Release|Any CPU
		{76313590-D26E-49E6-85CB-D1284B6B6D2A}.Debug|Any CPU.ActiveCfg = Debug|Any CPU
		{76313590-D26E-49E6-85CB-D1284B6B6D2A}.Debug|Any CPU.Build.0 = Debug|Any CPU
		{76313590-D26E-49E6-85CB-D1284B6B6D2A}.Release|Any CPU.ActiveCfg = Release|Any CPU
		{76313590-D26E-49E6-85CB-D1284B6B6D2A}.Release|Any CPU.Build.0 = Release|Any CPU
		{76313590-D26E-49E6-85CB-D1284B6B6D2A}.Release|Any CPU.Deploy.0 = Release|Any CPU
		{83FE8630-7D5D-491F-8C34-74A74C4FEB2A}.Debug|Any CPU.ActiveCfg = Debug|Any CPU
		{83FE8630-7D5D-491F-8C34-74A74C4FEB2A}.Debug|Any CPU.Build.0 = Debug|Any CPU
		{83FE8630-7D5D-491F-8C34-74A74C4FEB2A}.Release|Any CPU.ActiveCfg = Release|Any CPU
		{83FE8630-7D5D-491F-8C34-74A74C4FEB2A}.Release|Any CPU.Build.0 = Release|Any CPU
		{2DD0ED03-9824-4D6B-A204-F624AF168269}.Debug|Any CPU.ActiveCfg = Debug|Any CPU
		{2DD0ED03-9824-4D6B-A204-F624AF168269}.Debug|Any CPU.Build.0 = Debug|Any CPU
		{2DD0ED03-9824-4D6B-A204-F624AF168269}.Debug|Any CPU.Deploy.0 = Debug|Any CPU
		{2DD0ED03-9824-4D6B-A204-F624AF168269}.Release|Any CPU.ActiveCfg = Release|Any CPU
		{2DD0ED03-9824-4D6B-A204-F624AF168269}.Release|Any CPU.Build.0 = Release|Any CPU
		{2DD0ED03-9824-4D6B-A204-F624AF168269}.Release|Any CPU.Deploy.0 = Release|Any CPU
		{385CED30-9C92-4AD5-A2CE-4FA1D52CAC04}.Debug|Any CPU.ActiveCfg = Debug|Any CPU
		{385CED30-9C92-4AD5-A2CE-4FA1D52CAC04}.Debug|Any CPU.Build.0 = Debug|Any CPU
		{385CED30-9C92-4AD5-A2CE-4FA1D52CAC04}.Debug|Any CPU.Deploy.0 = Debug|Any CPU
		{385CED30-9C92-4AD5-A2CE-4FA1D52CAC04}.Release|Any CPU.ActiveCfg = Release|Any CPU
		{385CED30-9C92-4AD5-A2CE-4FA1D52CAC04}.Release|Any CPU.Build.0 = Release|Any CPU
		{385CED30-9C92-4AD5-A2CE-4FA1D52CAC04}.Release|Any CPU.Deploy.0 = Release|Any CPU
		{D76A81E4-8F70-4617-A495-D9807B01B253}.Debug|Any CPU.ActiveCfg = Debug|Any CPU
		{D76A81E4-8F70-4617-A495-D9807B01B253}.Debug|Any CPU.Build.0 = Debug|Any CPU
		{D76A81E4-8F70-4617-A495-D9807B01B253}.Release|Any CPU.ActiveCfg = Release|Any CPU
		{D76A81E4-8F70-4617-A495-D9807B01B253}.Release|Any CPU.Build.0 = Release|Any CPU
	EndGlobalSection
	GlobalSection(SolutionProperties) = preSolution
		HideSolutionNode = FALSE
	EndGlobalSection
	GlobalSection(NestedProjects) = preSolution
		{1435B537-1697-4F01-9CE5-D096F7492247} = {EAAD4164-141B-4484-B4D2-F0A6DCFA2CE2}
		{76313590-D26E-49E6-85CB-D1284B6B6D2A} = {09CA98A5-33D9-41F4-8A21-CC2CCDA0E905}
		{F883093B-80BE-46E2-92E8-0A3727CED117} = {13DDA1AD-4CD0-42BB-889F-781F00C8318A}
		{1B30F588-6F4D-40EB-946A-F75055EED30E} = {13DDA1AD-4CD0-42BB-889F-781F00C8318A}
		{2DD0ED03-9824-4D6B-A204-F624AF168269} = {1B30F588-6F4D-40EB-946A-F75055EED30E}
		{385CED30-9C92-4AD5-A2CE-4FA1D52CAC04} = {1B30F588-6F4D-40EB-946A-F75055EED30E}
		{83FE8630-7D5D-491F-8C34-74A74C4FEB2A} = {1157ED91-4697-43A9-BD37-BF7C72518693}
		{D76A81E4-8F70-4617-A495-D9807B01B253} = {41C485AD-027C-4BD9-83A3-10974FA092A0}
	EndGlobalSection
EndGlobal
